{
    "_readme": [
        "This file locks the dependencies of your project to a known state",
        "Read more about it at https://getcomposer.org/doc/01-basic-usage.md#installing-dependencies",
        "This file is @generated automatically"
    ],
    "content-hash": "99cfd58bea5aa6030aae892ce9cb4333",
    "packages": [
        {
            "name": "symfony/polyfill-ctype",
            "version": "v1.29.0",
            "source": {
                "type": "git",
                "url": "https://github.com/symfony/polyfill-ctype.git",
                "reference": "ef4d7e442ca910c4764bce785146269b30cb5fc4"
            },
            "dist": {
                "type": "zip",
                "url": "https://api.github.com/repos/symfony/polyfill-ctype/zipball/ef4d7e442ca910c4764bce785146269b30cb5fc4",
                "reference": "ef4d7e442ca910c4764bce785146269b30cb5fc4",
                "shasum": ""
            },
            "require": {
                "php": ">=7.1"
            },
            "provide": {
                "ext-ctype": "*"
            },
            "suggest": {
                "ext-ctype": "For best performance"
            },
            "type": "library",
            "extra": {
                "thanks": {
                    "name": "symfony/polyfill",
                    "url": "https://github.com/symfony/polyfill"
                }
            },
            "autoload": {
                "files": [
                    "bootstrap.php"
                ],
                "psr-4": {
                    "Symfony\\Polyfill\\Ctype\\": ""
                }
            },
            "notification-url": "https://packagist.org/downloads/",
            "license": [
                "MIT"
            ],
            "authors": [
                {
                    "name": "Gert de Pagter",
                    "email": "BackEndTea@gmail.com"
                },
                {
                    "name": "Symfony Community",
                    "homepage": "https://symfony.com/contributors"
                }
            ],
            "description": "Symfony polyfill for ctype functions",
            "homepage": "https://symfony.com",
            "keywords": [
                "compatibility",
                "ctype",
                "polyfill",
                "portable"
            ],
            "support": {
                "source": "https://github.com/symfony/polyfill-ctype/tree/v1.29.0"
            },
            "funding": [
                {
                    "url": "https://symfony.com/sponsor",
                    "type": "custom"
                },
                {
                    "url": "https://github.com/fabpot",
                    "type": "github"
                },
                {
                    "url": "https://tidelift.com/funding/github/packagist/symfony/symfony",
                    "type": "tidelift"
                }
            ],
            "time": "2024-01-29T20:11:03+00:00"
        },
        {
            "name": "symfony/serializer",
            "version": "v7.0.3",
            "source": {
                "type": "git",
                "url": "https://github.com/symfony/serializer.git",
                "reference": "6e83031c481e50b6f28e72531660341f1f120e6f"
            },
            "dist": {
                "type": "zip",
                "url": "https://api.github.com/repos/symfony/serializer/zipball/6e83031c481e50b6f28e72531660341f1f120e6f",
                "reference": "6e83031c481e50b6f28e72531660341f1f120e6f",
                "shasum": ""
            },
            "require": {
                "php": ">=8.2",
                "symfony/polyfill-ctype": "~1.8"
            },
            "conflict": {
                "phpdocumentor/reflection-docblock": "<3.2.2",
                "phpdocumentor/type-resolver": "<1.4.0",
                "symfony/dependency-injection": "<6.4",
                "symfony/property-access": "<6.4",
                "symfony/property-info": "<6.4",
                "symfony/uid": "<6.4",
                "symfony/validator": "<6.4",
                "symfony/yaml": "<6.4"
            },
            "require-dev": {
                "phpdocumentor/reflection-docblock": "^3.2|^4.0|^5.0",
                "seld/jsonlint": "^1.10",
                "symfony/cache": "^6.4|^7.0",
                "symfony/config": "^6.4|^7.0",
                "symfony/console": "^6.4|^7.0",
                "symfony/dependency-injection": "^6.4|^7.0",
                "symfony/error-handler": "^6.4|^7.0",
                "symfony/filesystem": "^6.4|^7.0",
                "symfony/form": "^6.4|^7.0",
                "symfony/http-foundation": "^6.4|^7.0",
                "symfony/http-kernel": "^6.4|^7.0",
                "symfony/messenger": "^6.4|^7.0",
                "symfony/mime": "^6.4|^7.0",
                "symfony/property-access": "^6.4|^7.0",
                "symfony/property-info": "^6.4|^7.0",
                "symfony/translation-contracts": "^2.5|^3",
                "symfony/uid": "^6.4|^7.0",
                "symfony/validator": "^6.4|^7.0",
                "symfony/var-dumper": "^6.4|^7.0",
                "symfony/var-exporter": "^6.4|^7.0",
                "symfony/yaml": "^6.4|^7.0"
            },
            "type": "library",
            "autoload": {
                "psr-4": {
                    "Symfony\\Component\\Serializer\\": ""
                },
                "exclude-from-classmap": [
                    "/Tests/"
                ]
            },
            "notification-url": "https://packagist.org/downloads/",
            "license": [
                "MIT"
            ],
            "authors": [
                {
                    "name": "Fabien Potencier",
                    "email": "fabien@symfony.com"
                },
                {
                    "name": "Symfony Community",
                    "homepage": "https://symfony.com/contributors"
                }
            ],
            "description": "Handles serializing and deserializing data structures, including object graphs, into array structures or other formats like XML and JSON.",
            "homepage": "https://symfony.com",
            "support": {
                "source": "https://github.com/symfony/serializer/tree/v7.0.3"
            },
            "funding": [
                {
                    "url": "https://symfony.com/sponsor",
                    "type": "custom"
                },
                {
                    "url": "https://github.com/fabpot",
                    "type": "github"
                },
                {
                    "url": "https://tidelift.com/funding/github/packagist/symfony/symfony",
                    "type": "tidelift"
                }
            ],
            "time": "2024-01-30T08:34:29+00:00"
        }
    ],
    "packages-dev": [
        {
            "name": "phpstan/phpstan",
            "version": "1.10.57",
            "source": {
                "type": "git",
                "url": "https://github.com/phpstan/phpstan.git",
                "reference": "1627b1d03446904aaa77593f370c5201d2ecc34e"
            },
            "dist": {
                "type": "zip",
                "url": "https://api.github.com/repos/phpstan/phpstan/zipball/1627b1d03446904aaa77593f370c5201d2ecc34e",
                "reference": "1627b1d03446904aaa77593f370c5201d2ecc34e",
                "shasum": ""
            },
            "require": {
                "php": "^7.2|^8.0"
            },
            "conflict": {
                "phpstan/phpstan-shim": "*"
            },
            "bin": [
                "phpstan",
                "phpstan.phar"
            ],
            "type": "library",
            "autoload": {
                "files": [
                    "bootstrap.php"
                ]
            },
            "notification-url": "https://packagist.org/downloads/",
            "license": [
                "MIT"
            ],
            "description": "PHPStan - PHP Static Analysis Tool",
            "keywords": [
                "dev",
                "static analysis"
            ],
            "support": {
                "docs": "https://phpstan.org/user-guide/getting-started",
                "forum": "https://github.com/phpstan/phpstan/discussions",
                "issues": "https://github.com/phpstan/phpstan/issues",
                "security": "https://github.com/phpstan/phpstan/security/policy",
                "source": "https://github.com/phpstan/phpstan-src"
            },
            "funding": [
                {
                    "url": "https://github.com/ondrejmirtes",
                    "type": "github"
                },
                {
                    "url": "https://github.com/phpstan",
                    "type": "github"
                },
                {
                    "url": "https://tidelift.com/funding/github/packagist/phpstan/phpstan",
                    "type": "tidelift"
                }
            ],
            "time": "2024-01-24T11:51:34+00:00"
        }
    ],
    "aliases": [],
    "minimum-stability": "dev",
    "stability-flags": [],
    "prefer-stable": true,
    "prefer-lowest": false,
    "platform": {
        "php": "^8.2"
    },
    "platform-dev": [],
    "plugin-api-version": "2.3.0"
}
